
Microsoft Visual Studio Solution File, Format Version 12.00
Project("{FAE04EC0-301F-11D3-BF4B-00C04F79EFBC}") = "BrownianMotion", "BrownianMotion\BrownianMotion.csproj", "{D2B5D594-FD92-4D96-AB8C-37B7A23B52EB}"
EndProject
Global
	GlobalSection(SolutionConfigurationPlatforms) = preSolution
		Debug|Any CPU = Debug|Any CPU
		Release|Any CPU = Release|Any CPU
	EndGlobalSection
	GlobalSection(ProjectConfigurationPlatforms) = postSolution
		{D2B5D594-FD92-4D96-AB8C-37B7A23B52EB}.Debug|Any CPU.ActiveCfg = Debug|Any CPU
		{D2B5D594-FD92-4D96-AB8C-37B7A23B52EB}.Debug|Any CPU.Build.0 = Debug|Any CPU
		{D2B5D594-FD92-4D96-AB8C-37B7A23B52EB}.Release|Any CPU.ActiveCfg = Release|Any CPU
		{D2B5D594-FD92-4D96-AB8C-37B7A23B52EB}.Release|Any CPU.Build.0 = Release|Any CPU
	EndGlobalSection
EndGlobal
